
Microsoft Visual Studio Solution File, Format Version 12.00
# Visual Studio Version 16
VisualStudioVersion = 16.0.28729.10
MinimumVisualStudioVersion = 10.0.40219.1
Project("{9A19103F-16F7-4668-BE54-9A1E7A4F7556}") = "TMK-BinaryModule", "TMK-BinaryModule.csproj", "{C8835F52-80AA-4773-9207-6B047B4FE90C}"
EndProject
Global
	GlobalSection(SolutionConfigurationPlatforms) = preSolution
		Debug|Any CPU = Debug|Any CPU
		Release|Any CPU = Release|Any CPU
	EndGlobalSection
	GlobalSection(ProjectConfigurationPlatforms) = postSolution
		{C8835F52-80AA-4773-9207-6B047B4FE90C}.Debug|Any CPU.ActiveCfg = Debug|Any CPU
		{C8835F52-80AA-4773-9207-6B047B4FE90C}.Debug|Any CPU.Build.0 = Debug|Any CPU
		{C8835F52-80AA-4773-9207-6B047B4FE90C}.Release|Any CPU.ActiveCfg = Release|Any CPU
		{C8835F52-80AA-4773-9207-6B047B4FE90C}.Release|Any CPU.Build.0 = Release|Any CPU
	EndGlobalSection
	GlobalSection(SolutionProperties) = preSolution
		HideSolutionNode = FALSE
	EndGlobalSection
	GlobalSection(ExtensibilityGlobals) = postSolution
		SolutionGuid = {9CDB6A3A-8885-4894-93C3-B8148346F6B2}
	EndGlobalSection
EndGlobal
